{
  "pins" : [
    {
      "identity" : "chartview",
      "kind" : "remoteSourceControl",
      "location" : "https://github.com/AppPear/ChartView",
      "state" : {
        "revision" : "caa75ecbc0d68f2b50d714909566406f80214186",
        "version" : "2.0.0-beta.2"
      }
    },
    {
      "identity" : "datebuilder",
      "kind" : "remoteSourceControl",
      "location" : "https://github.com/nicephoton/DateBuilder",
      "state" : {
        "revision" : "3cb1361a7c4c6564b8e6c8e4c2a7767ea8808c8a",
        "version" : "0.1.0"
      }
    },
    {
      "identity" : "hkcombine",
      "kind" : "remoteSourceControl",
      "location" : "https://github.com/javierdemartin/HKCombine.git",
      "state" : {
        "branch" : "main",
        "revision" : "fef1eb3a08831bb5c2a4f452b7b502260edc69a9"
      }
    },
    {
      "identity" : "nicenotifications",
      "kind" : "remoteSourceControl",
      "location" : "https://github.com/nicephoton/NiceNotifications.git",
      "state" : {
        "branch" : "main",
        "revision" : "ea753d0c2cc83a96bb297e25aed9ce3d92be63e6"
      }
    },
    {
      "identity" : "sfsafesymbols",
      "kind" : "remoteSourceControl",
      "location" : "https://github.com/piknotech/SFSafeSymbols.git",
      "state" : {
        "branch" : "stable",
        "revision" : "4fda3f8f7d4748c3fb9ea463dde5305b3b5512b5"
      }
    },
    {
      "identity" : "sigmaswiftstatistics",
      "kind" : "remoteSourceControl",
      "location" : "https://github.com/evgenyneu/SigmaSwiftStatistics.git",
      "state" : {
        "revision" : "d36db09f97a1739edc8c63897220c7ecbb5de684",
        "version" : "9.0.2"
      }
    }
  ],
  "version" : 2
}
