{
  "pins" : [
    {
      "identity" : "chartview",
      "kind" : "remoteSourceControl",
      "location" : "https://github.com/AppPear/ChartView",
      "state" : {
        "revision" : "caa75ecbc0d68f2b50d714909566406f80214186",
        "version" : "2.0.0-beta.2"
      }
    },
    {
      "identity" : "datebuilder",
      "kind" : "remoteSourceControl",
      "location" : "https://github.com/nicephoton/DateBuilder",
      "state" : {
        "revision" : "3cb1361a7c4c6564b8e6c8e4c2a7767ea8808c8a",
        "version" : "0.1.0"
      }
    },
    {
      "identity" : "nicenotifications",
      "kind" : "remoteSourceControl",
      "location" : "https://github.com/nicephoton/NiceNotifications.git",
      "state" : {
        "branch" : "main",
        "revision" : "cb677617767eb61e0234b90c3883193e4594ebce"
      }
    },
    {
      "identity" : "sfsafesymbols",
      "kind" : "remoteSourceControl",
      "location" : "https://github.com/SFSafeSymbols/SFSafeSymbols.git",
      "state" : {
        "branch" : "stable",
        "revision" : "c8c33d947d8a1c883aa19fd24e14fd738b06e369"
      }
    }
  ],
  "version" : 2
}
